
Microsoft Visual Studio Solution File, Format Version 12.00
# Visual Studio 2012
Project("{FAE04EC0-301F-11D3-BF4B-00C04F79EFBC}") = "libsoundio-sharp", "libsoundio-sharp\libsoundio-sharp.csproj", "{D6FB7880-23D7-44B7-827E-A471BA354D92}"
EndProject
Project("{FAE04EC0-301F-11D3-BF4B-00C04F79EFBC}") = "libsoundio-sharp.Tests", "libsoundio-sharp.Tests\libsoundio-sharp.Tests.csproj", "{A9CB8FF4-E506-4C18-AFB0-73B9C0A46581}"
EndProject
Global
	GlobalSection(SolutionConfigurationPlatforms) = preSolution
		Debug|Any CPU = Debug|Any CPU
		Release|Any CPU = Release|Any CPU
	EndGlobalSection
	GlobalSection(ProjectConfigurationPlatforms) = postSolution
		{D6FB7880-23D7-44B7-827E-A471BA354D92}.Debug|Any CPU.ActiveCfg = Debug|Any CPU
		{D6FB7880-23D7-44B7-827E-A471BA354D92}.Debug|Any CPU.Build.0 = Debug|Any CPU
		{D6FB7880-23D7-44B7-827E-A471BA354D92}.Release|Any CPU.ActiveCfg = Release|Any CPU
		{D6FB7880-23D7-44B7-827E-A471BA354D92}.Release|Any CPU.Build.0 = Release|Any CPU
		{A9CB8FF4-E506-4C18-AFB0-73B9C0A46581}.Debug|Any CPU.ActiveCfg = Debug|Any CPU
		{A9CB8FF4-E506-4C18-AFB0-73B9C0A46581}.Debug|Any CPU.Build.0 = Debug|Any CPU
		{A9CB8FF4-E506-4C18-AFB0-73B9C0A46581}.Release|Any CPU.ActiveCfg = Release|Any CPU
		{A9CB8FF4-E506-4C18-AFB0-73B9C0A46581}.Release|Any CPU.Build.0 = Release|Any CPU
	EndGlobalSection
EndGlobal
